// !$*UTF8*$!
{
	archiveVersion = 1;
	classes = {
	};
	objectVersion = 56;
	objects = {

/* Begin PBXBuildFile section */
		BEAEE9302B4131D5006BC83A /* AppDelegate.swift in Sources */ = {isa = PBXBuildFile; fileRef = BEAEE92F2B4131D5006BC83A /* AppDelegate.swift */; };
		BEAEE9392B4131D7006BC83A /* Assets.xcassets in Resources */ = {isa = PBXBuildFile; fileRef = BEAEE9382B4131D7006BC83A /* Assets.xcassets */; };
		BEAEE93C2B4131D7006BC83A /* LaunchScreen.storyboard in Resources */ = {isa = PBXBuildFile; fileRef = BEAEE93A2B4131D7006BC83A /* LaunchScreen.storyboard */; };
		BEAEE9462B413276006BC83A /* CollectionVC.swift in Sources */ = {isa = PBXBuildFile; fileRef = BEAEE9442B413276006BC83A /* CollectionVC.swift */; };
		BEAEE9472B413276006BC83A /* CollectionVC.xib in Resources */ = {isa = PBXBuildFile; fileRef = BEAEE9452B413276006BC83A /* CollectionVC.xib */; };
		BEAEE94C2B4134C7006BC83A /* ScrollVC.swift in Sources */ = {isa = PBXBuildFile; fileRef = BEAEE94A2B4134C7006BC83A /* ScrollVC.swift */; };
		BEAEE94D2B4134C7006BC83A /* ScrollVC.xib in Resources */ = {isa = PBXBuildFile; fileRef = BEAEE94B2B4134C7006BC83A /* ScrollVC.xib */; };
		BEAEE9532B4193FA006BC83A /* Post.swift in Sources */ = {isa = PBXBuildFile; fileRef = BEAEE9522B4193FA006BC83A /* Post.swift */; };
		BEAEE9562B4196BD006BC83A /* PostCollectionViewCell.swift in Sources */ = {isa = PBXBuildFile; fileRef = BEAEE9542B4196BD006BC83A /* PostCollectionViewCell.swift */; };
		BEAEE9572B4196BD006BC83A /* PostCollectionViewCell.xib in Resources */ = {isa = PBXBuildFile; fileRef = BEAEE9552B4196BD006BC83A /* PostCollectionViewCell.xib */; };
/* End PBXBuildFile section */

/* Begin PBXFileReference section */
		BEAEE92C2B4131D5006BC83A /* PDPLastTask.app */ = {isa = PBXFileReference; explicitFileType = wrapper.application; includeInIndex = 0; path = PDPLastTask.app; sourceTree = BUILT_PRODUCTS_DIR; };
		BEAEE92F2B4131D5006BC83A /* AppDelegate.swift */ = {isa = PBXFileReference; lastKnownFileType = sourcecode.swift; path = AppDelegate.swift; sourceTree = "<group>"; };
		BEAEE9382B4131D7006BC83A /* Assets.xcassets */ = {isa = PBXFileReference; lastKnownFileType = folder.assetcatalog; path = Assets.xcassets; sourceTree = "<group>"; };
		BEAEE93B2B4131D7006BC83A /* Base */ = {isa = PBXFileReference; lastKnownFileType = file.storyboard; name = Base; path = Base.lproj/LaunchScreen.storyboard; sourceTree = "<group>"; };
		BEAEE93D2B4131D7006BC83A /* Info.plist */ = {isa = PBXFileReference; lastKnownFileType = text.plist.xml; path = Info.plist; sourceTree = "<group>"; };
		BEAEE9442B413276006BC83A /* CollectionVC.swift */ = {isa = PBXFileReference; lastKnownFileType = sourcecode.swift; path = CollectionVC.swift; sourceTree = "<group>"; };
		BEAEE9452B413276006BC83A /* CollectionVC.xib */ = {isa = PBXFileReference; lastKnownFileType = file.xib; path = CollectionVC.xib; sourceTree = "<group>"; };
		BEAEE94A2B4134C7006BC83A /* ScrollVC.swift */ = {isa = PBXFileReference; lastKnownFileType = sourcecode.swift; path = ScrollVC.swift; sourceTree = "<group>"; };
		BEAEE94B2B4134C7006BC83A /* ScrollVC.xib */ = {isa = PBXFileReference; lastKnownFileType = file.xib; path = ScrollVC.xib; sourceTree = "<group>"; };
		BEAEE9522B4193FA006BC83A /* Post.swift */ = {isa = PBXFileReference; lastKnownFileType = sourcecode.swift; path = Post.swift; sourceTree = "<group>"; };
		BEAEE9542B4196BD006BC83A /* PostCollectionViewCell.swift */ = {isa = PBXFileReference; lastKnownFileType = sourcecode.swift; path = PostCollectionViewCell.swift; sourceTree = "<group>"; };
		BEAEE9552B4196BD006BC83A /* PostCollectionViewCell.xib */ = {isa = PBXFileReference; lastKnownFileType = file.xib; path = PostCollectionViewCell.xib; sourceTree = "<group>"; };
/* End PBXFileReference section */

/* Begin PBXFrameworksBuildPhase section */
		BEAEE9292B4131D5006BC83A /* Frameworks */ = {
			isa = PBXFrameworksBuildPhase;
			buildActionMask = 2147483647;
			files = (
			);
			runOnlyForDeploymentPostprocessing = 0;
		};
/* End PBXFrameworksBuildPhase section */

/* Begin PBXGroup section */
		BEAEE9232B4131D5006BC83A = {
			isa = PBXGroup;
			children = (
				BEAEE92E2B4131D5006BC83A /* PDPLastTask */,
				BEAEE92D2B4131D5006BC83A /* Products */,
			);
			sourceTree = "<group>";
		};
		BEAEE92D2B4131D5006BC83A /* Products */ = {
			isa = PBXGroup;
			children = (
				BEAEE92C2B4131D5006BC83A /* PDPLastTask.app */,
			);
			name = Products;
			sourceTree = "<group>";
		};
		BEAEE92E2B4131D5006BC83A /* PDPLastTask */ = {
			isa = PBXGroup;
			children = (
				BEAEE9492B413494006BC83A /* cells */,
				BEAEE9482B413481006BC83A /* models */,
				BEAEE9432B41324A006BC83A /* controllers */,
				BEAEE92F2B4131D5006BC83A /* AppDelegate.swift */,
				BEAEE9382B4131D7006BC83A /* Assets.xcassets */,
				BEAEE93A2B4131D7006BC83A /* LaunchScreen.storyboard */,
				BEAEE93D2B4131D7006BC83A /* Info.plist */,
			);
			path = PDPLastTask;
			sourceTree = "<group>";
		};
		BEAEE9432B41324A006BC83A /* controllers */ = {
			isa = PBXGroup;
			children = (
				BEAEE9442B413276006BC83A /* CollectionVC.swift */,
				BEAEE9452B413276006BC83A /* CollectionVC.xib */,
				BEAEE94A2B4134C7006BC83A /* ScrollVC.swift */,
				BEAEE94B2B4134C7006BC83A /* ScrollVC.xib */,
			);
			path = controllers;
			sourceTree = "<group>";
		};
		BEAEE9482B413481006BC83A /* models */ = {
			isa = PBXGroup;
			children = (
				BEAEE9522B4193FA006BC83A /* Post.swift */,
			);
			path = models;
			sourceTree = "<group>";
		};
		BEAEE9492B413494006BC83A /* cells */ = {
			isa = PBXGroup;
			children = (
				BEAEE9542B4196BD006BC83A /* PostCollectionViewCell.swift */,
				BEAEE9552B4196BD006BC83A /* PostCollectionViewCell.xib */,
			);
			path = cells;
			sourceTree = "<group>";
		};
/* End PBXGroup section */

/* Begin PBXNativeTarget section */
		BEAEE92B2B4131D5006BC83A /* PDPLastTask */ = {
			isa = PBXNativeTarget;
			buildConfigurationList = BEAEE9402B4131D7006BC83A /* Build configuration list for PBXNativeTarget "PDPLastTask" */;
			buildPhases = (
				BEAEE9282B4131D5006BC83A /* Sources */,
				BEAEE9292B4131D5006BC83A /* Frameworks */,
				BEAEE92A2B4131D5006BC83A /* Resources */,
			);
			buildRules = (
			);
			dependencies = (
			);
			name = PDPLastTask;
			productName = PDPLastTask;
			productReference = BEAEE92C2B4131D5006BC83A /* PDPLastTask.app */;
			productType = "com.apple.product-type.application";
		};
/* End PBXNativeTarget section */

/* Begin PBXProject section */
		BEAEE9242B4131D5006BC83A /* Project object */ = {
			isa = PBXProject;
			attributes = {
				BuildIndependentTargetsInParallel = 1;
				LastSwiftUpdateCheck = 1500;
				LastUpgradeCheck = 1500;
				TargetAttributes = {
					BEAEE92B2B4131D5006BC83A = {
						CreatedOnToolsVersion = 15.0.1;
					};
				};
			};
			buildConfigurationList = BEAEE9272B4131D5006BC83A /* Build configuration list for PBXProject "PDPLastTask" */;
			compatibilityVersion = "Xcode 14.0";
			developmentRegion = en;
			hasScannedForEncodings = 0;
			knownRegions = (
				en,
				Base,
			);
			mainGroup = BEAEE9232B4131D5006BC83A;
			productRefGroup = BEAEE92D2B4131D5006BC83A /* Products */;
			projectDirPath = "";
			projectRoot = "";
			targets = (
				BEAEE92B2B4131D5006BC83A /* PDPLastTask */,
			);
		};
/* End PBXProject section */

/* Begin PBXResourcesBuildPhase section */
		BEAEE92A2B4131D5006BC83A /* Resources */ = {
			isa = PBXResourcesBuildPhase;
			buildActionMask = 2147483647;
			files = (
				BEAEE93C2B4131D7006BC83A /* LaunchScreen.storyboard in Resources */,
				BEAEE9572B4196BD006BC83A /* PostCollectionViewCell.xib in Resources */,
				BEAEE94D2B4134C7006BC83A /* ScrollVC.xib in Resources */,
				BEAEE9392B4131D7006BC83A /* Assets.xcassets in Resources */,
				BEAEE9472B413276006BC83A /* CollectionVC.xib in Resources */,
			);
			runOnlyForDeploymentPostprocessing = 0;
		};
/* End PBXResourcesBuildPhase section */

/* Begin PBXSourcesBuildPhase section */
		BEAEE9282B4131D5006BC83A /* Sources */ = {
			isa = PBXSourcesBuildPhase;
			buildActionMask = 2147483647;
			files = (
				BEAEE9462B413276006BC83A /* CollectionVC.swift in Sources */,
				BEAEE94C2B4134C7006BC83A /* ScrollVC.swift in Sources */,
				BEAEE9562B4196BD006BC83A /* PostCollectionViewCell.swift in Sources */,
				BEAEE9302B4131D5006BC83A /* AppDelegate.swift in Sources */,
				BEAEE9532B4193FA006BC83A /* Post.swift in Sources */,
			);
			runOnlyForDeploymentPostprocessing = 0;
		};
/* End PBXSourcesBuildPhase section */

/* Begin PBXVariantGroup section */
		BEAEE93A2B4131D7006BC83A /* LaunchScreen.storyboard */ = {
			isa = PBXVariantGroup;
			children = (
				BEAEE93B2B4131D7006BC83A /* Base */,
			);
			name = LaunchScreen.storyboard;
			sourceTree = "<group>";
		};
/* End PBXVariantGroup section */

/* Begin XCBuildConfiguration section */
		BEAEE93E2B4131D7006BC83A /* Debug */ = {
			isa = XCBuildConfiguration;
			buildSettings = {
				ALWAYS_SEARCH_USER_PATHS = NO;
				ASSETCATALOG_COMPILER_GENERATE_SWIFT_ASSET_SYMBOL_EXTENSIONS = YES;
				CLANG_ANALYZER_NONNULL = YES;
				CLANG_ANALYZER_NUMBER_OBJECT_CONVERSION = YES_AGGRESSIVE;
				CLANG_CXX_LANGUAGE_STANDARD = "gnu++20";
				CLANG_ENABLE_MODULES = YES;
				CLANG_ENABLE_OBJC_ARC = YES;
				CLANG_ENABLE_OBJC_WEAK = YES;
				CLANG_WARN_BLOCK_CAPTURE_AUTORELEASING = YES;
				CLANG_WARN_BOOL_CONVERSION = YES;
				CLANG_WARN_COMMA = YES;
				CLANG_WARN_CONSTANT_CONVERSION = YES;
				CLANG_WARN_DEPRECATED_OBJC_IMPLEMENTATIONS = YES;
				CLANG_WARN_DIRECT_OBJC_ISA_USAGE = YES_ERROR;
				CLANG_WARN_DOCUMENTATION_COMMENTS = YES;
				CLANG_WARN_EMPTY_BODY = YES;
				CLANG_WARN_ENUM_CONVERSION = YES;
				CLANG_WARN_INFINITE_RECURSION = YES;
				CLANG_WARN_INT_CONVERSION = YES;
				CLANG_WARN_NON_LITERAL_NULL_CONVERSION = YES;
				CLANG_WARN_OBJC_IMPLICIT_RETAIN_SELF = YES;
				CLANG_WARN_OBJC_LITERAL_CONVERSION = YES;
				CLANG_WARN_OBJC_ROOT_CLASS = YES_ERROR;
				CLANG_WARN_QUOTED_INCLUDE_IN_FRAMEWORK_HEADER = YES;
				CLANG_WARN_RANGE_LOOP_ANALYSIS = YES;
				CLANG_WARN_STRICT_PROTOTYPES = YES;
				CLANG_WARN_SUSPICIOUS_MOVE = YES;
				CLANG_WARN_UNGUARDED_AVAILABILITY = YES_AGGRESSIVE;
				CLANG_WARN_UNREACHABLE_CODE = YES;
				CLANG_WARN__DUPLICATE_METHOD_MATCH = YES;
				COPY_PHASE_STRIP = NO;
				DEBUG_INFORMATION_FORMAT = dwarf;
				ENABLE_STRICT_OBJC_MSGSEND = YES;
				ENABLE_TESTABILITY = YES;
				ENABLE_USER_SCRIPT_SANDBOXING = YES;
				GCC_C_LANGUAGE_STANDARD = gnu17;
				GCC_DYNAMIC_NO_PIC = NO;
				GCC_NO_COMMON_BLOCKS = YES;
				GCC_OPTIMIZATION_LEVEL = 0;
				GCC_PREPROCESSOR_DEFINITIONS = (
					"DEBUG=1",
					"$(inherited)",
				);
				GCC_WARN_64_TO_32_BIT_CONVERSION = YES;
				GCC_WARN_ABOUT_RETURN_TYPE = YES_ERROR;
				GCC_WARN_UNDECLARED_SELECTOR = YES;
				GCC_WARN_UNINITIALIZED_AUTOS = YES_AGGRESSIVE;
				GCC_WARN_UNUSED_FUNCTION = YES;
				GCC_WARN_UNUSED_VARIABLE = YES;
				IPHONEOS_DEPLOYMENT_TARGET = 17.0;
				LOCALIZATION_PREFERS_STRING_CATALOGS = YES;
				MTL_ENABLE_DEBUG_INFO = INCLUDE_SOURCE;
				MTL_FAST_MATH = YES;
				ONLY_ACTIVE_ARCH = YES;
				SDKROOT = iphoneos;
				SWIFT_ACTIVE_COMPILATION_CONDITIONS = "DEBUG $(inherited)";
				SWIFT_OPTIMIZATION_LEVEL = "-Onone";
			};
			name = Debug;
		};
		BEAEE93F2B4131D7006BC83A /* Release */ = {
			isa = XCBuildConfiguration;
			buildSettings = {
				ALWAYS_SEARCH_USER_PATHS = NO;
				ASSETCATALOG_COMPILER_GENERATE_SWIFT_ASSET_SYMBOL_EXTENSIONS = YES;
				CLANG_ANALYZER_NONNULL = YES;
				CLANG_ANALYZER_NUMBER_OBJECT_CONVERSION = YES_AGGRESSIVE;
				CLANG_CXX_LANGUAGE_STANDARD = "gnu++20";
				CLANG_ENABLE_MODULES = YES;
				CLANG_ENABLE_OBJC_ARC = YES;
				CLANG_ENABLE_OBJC_WEAK = YES;
				CLANG_WARN_BLOCK_CAPTURE_AUTORELEASING = YES;
				CLANG_WARN_BOOL_CONVERSION = YES;
				CLANG_WARN_COMMA = YES;
				CLANG_WARN_CONSTANT_CONVERSION = YES;
				CLANG_WARN_DEPRECATED_OBJC_IMPLEMENTATIONS = YES;
				CLANG_WARN_DIRECT_OBJC_ISA_USAGE = YES_ERROR;
				CLANG_WARN_DOCUMENTATION_COMMENTS = YES;
				CLANG_WARN_EMPTY_BODY = YES;
				CLANG_WARN_ENUM_CONVERSION = YES;
				CLANG_WARN_INFINITE_RECURSION = YES;
				CLANG_WARN_INT_CONVERSION = YES;
				CLANG_WARN_NON_LITERAL_NULL_CONVERSION = YES;
				CLANG_WARN_OBJC_IMPLICIT_RETAIN_SELF = YES;
				CLANG_WARN_OBJC_LITERAL_CONVERSION = YES;
				CLANG_WARN_OBJC_ROOT_CLASS = YES_ERROR;
				CLANG_WARN_QUOTED_INCLUDE_IN_FRAMEWORK_HEADER = YES;
				CLANG_WARN_RANGE_LOOP_ANALYSIS = YES;
				CLANG_WARN_STRICT_PROTOTYPES = YES;
				CLANG_WARN_SUSPICIOUS_MOVE = YES;
				CLANG_WARN_UNGUARDED_AVAILABILITY = YES_AGGRESSIVE;
				CLANG_WARN_UNREACHABLE_CODE = YES;
				CLANG_WARN__DUPLICATE_METHOD_MATCH = YES;
				COPY_PHASE_STRIP = NO;
				DEBUG_INFORMATION_FORMAT = "dwarf-with-dsym";
				ENABLE_NS_ASSERTIONS = NO;
				ENABLE_STRICT_OBJC_MSGSEND = YES;
				ENABLE_USER_SCRIPT_SANDBOXING = YES;
				GCC_C_LANGUAGE_STANDARD = gnu17;
				GCC_NO_COMMON_BLOCKS = YES;
				GCC_WARN_64_TO_32_BIT_CONVERSION = YES;
				GCC_WARN_ABOUT_RETURN_TYPE = YES_ERROR;
				GCC_WARN_UNDECLARED_SELECTOR = YES;
				GCC_WARN_UNINITIALIZED_AUTOS = YES_AGGRESSIVE;
				GCC_WARN_UNUSED_FUNCTION = YES;
				GCC_WARN_UNUSED_VARIABLE = YES;
				IPHONEOS_DEPLOYMENT_TARGET = 17.0;
				LOCALIZATION_PREFERS_STRING_CATALOGS = YES;
				MTL_ENABLE_DEBUG_INFO = NO;
				MTL_FAST_MATH = YES;
				SDKROOT = iphoneos;
				SWIFT_COMPILATION_MODE = wholemodule;
				VALIDATE_PRODUCT = YES;
			};
			name = Release;
		};
		BEAEE9412B4131D7006BC83A /* Debug */ = {
			isa = XCBuildConfiguration;
			buildSettings = {
				ASSETCATALOG_COMPILER_APPICON_NAME = AppIcon;
				ASSETCATALOG_COMPILER_GLOBAL_ACCENT_COLOR_NAME = AccentColor;
				CODE_SIGN_STYLE = Automatic;
				CURRENT_PROJECT_VERSION = 1;
				GENERATE_INFOPLIST_FILE = YES;
				INFOPLIST_FILE = PDPLastTask/Info.plist;
				INFOPLIST_KEY_UIApplicationSupportsIndirectInputEvents = YES;
				INFOPLIST_KEY_UILaunchStoryboardName = LaunchScreen;
				INFOPLIST_KEY_UIMainStoryboardFile = "";
				INFOPLIST_KEY_UISupportedInterfaceOrientations_iPad = "UIInterfaceOrientationPortrait UIInterfaceOrientationPortraitUpsideDown UIInterfaceOrientationLandscapeLeft UIInterfaceOrientationLandscapeRight";
				INFOPLIST_KEY_UISupportedInterfaceOrientations_iPhone = "UIInterfaceOrientationPortrait UIInterfaceOrientationLandscapeLeft UIInterfaceOrientationLandscapeRight";
				LD_RUNPATH_SEARCH_PATHS = (
					"$(inherited)",
					"@executable_path/Frameworks",
				);
				MARKETING_VERSION = 1.0;
				PRODUCT_BUNDLE_IDENTIFIER = max.PDPLastTask;
				PRODUCT_NAME = "$(TARGET_NAME)";
				SWIFT_EMIT_LOC_STRINGS = YES;
				SWIFT_VERSION = 5.0;
				TARGETED_DEVICE_FAMILY = "1,2";
			};
			name = Debug;
		};
		BEAEE9422B4131D7006BC83A /* Release */ = {
			isa = XCBuildConfiguration;
			buildSettings = {
				ASSETCATALOG_COMPILER_APPICON_NAME = AppIcon;
				ASSETCATALOG_COMPILER_GLOBAL_ACCENT_COLOR_NAME = AccentColor;
				CODE_SIGN_STYLE = Automatic;
				CURRENT_PROJECT_VERSION = 1;
				GENERATE_INFOPLIST_FILE = YES;
				INFOPLIST_FILE = PDPLastTask/Info.plist;
				INFOPLIST_KEY_UIApplicationSupportsIndirectInputEvents = YES;
				INFOPLIST_KEY_UILaunchStoryboardName = LaunchScreen;
				INFOPLIST_KEY_UIMainStoryboardFile = "";
				INFOPLIST_KEY_UISupportedInterfaceOrientations_iPad = "UIInterfaceOrientationPortrait UIInterfaceOrientationPortraitUpsideDown UIInterfaceOrientationLandscapeLeft UIInterfaceOrientationLandscapeRight";
				INFOPLIST_KEY_UISupportedInterfaceOrientations_iPhone = "UIInterfaceOrientationPortrait UIInterfaceOrientationLandscapeLeft UIInterfaceOrientationLandscapeRight";
				LD_RUNPATH_SEARCH_PATHS = (
					"$(inherited)",
					"@executable_path/Frameworks",
				);
				MARKETING_VERSION = 1.0;
				PRODUCT_BUNDLE_IDENTIFIER = max.PDPLastTask;
				PRODUCT_NAME = "$(TARGET_NAME)";
				SWIFT_EMIT_LOC_STRINGS = YES;
				SWIFT_VERSION = 5.0;
				TARGETED_DEVICE_FAMILY = "1,2";
			};
			name = Release;
		};
/* End XCBuildConfiguration section */

/* Begin XCConfigurationList section */
		BEAEE9272B4131D5006BC83A /* Build configuration list for PBXProject "PDPLastTask" */ = {
			isa = XCConfigurationList;
			buildConfigurations = (
				BEAEE93E2B4131D7006BC83A /* Debug */,
				BEAEE93F2B4131D7006BC83A /* Release */,
			);
			defaultConfigurationIsVisible = 0;
			defaultConfigurationName = Release;
		};
		BEAEE9402B4131D7006BC83A /* Build configuration list for PBXNativeTarget "PDPLastTask" */ = {
			isa = XCConfigurationList;
			buildConfigurations = (
				BEAEE9412B4131D7006BC83A /* Debug */,
				BEAEE9422B4131D7006BC83A /* Release */,
			);
			defaultConfigurationIsVisible = 0;
			defaultConfigurationName = Release;
		};
/* End XCConfigurationList section */
	};
	rootObject = BEAEE9242B4131D5006BC83A /* Project object */;
}
